{
  "originHash" : "691f725c70497a0ecee39f11b6634cfabed5424d80e703fcba76d6befdb64097",
  "pins" : [
    {
      "identity" : "polygon",
      "kind" : "remoteSourceControl",
      "location" : "https://github.com/eclypse-tms/Polygon",
      "state" : {
        "revision" : "dca20a08d586b396a114d01b2da1836b7afc5a36",
        "version" : "4.0.0"
      }
    }
  ],
  "version" : 3
}
